{
  "name": "plen-scratchx",
  "version": "1.0.0",
  "lockfileVersion": 1,
  "requires": true,
  "dependencies": {
    "@types/jquery": {
      "version": "3.3.10",
      "resolved": "https://registry.npmjs.org/@types/jquery/-/jquery-3.3.10.tgz",
      "integrity": "sha512-W2bE8pGh9Tsg8mxh+B6BSH8lTG6ZV7K2ZMAlEwSTqKFU1wMI5HShyRKSp3DngnxCmDu35tW3RAC4mxBFYRsTuw==",
      "dev": true
    },
    "@types/node": {
      "version": "8.10.32",
      "resolved": "https://registry.npmjs.org/@types/node/-/node-8.10.32.tgz",
      "integrity": "sha512-8OfXpkB3E0jhpcpyVlqJDV5mkXlrsJrDZR7q0uss8SBdW8IxNdx/J2o5m7cM2qbFzyd/o+aV5Z4OJcIukI6UlA==",
      "dev": true
    },
    "typescript": {
      "version": "1.8.10",
      "resolved": "http://registry.npmjs.org/typescript/-/typescript-1.8.10.tgz",
      "integrity": "sha1-tHXW4N/wv1DyluXKbvn7tccyDx4=",
      "dev": true
    }
  }
}
